// !$*UTF8*$!
{
	archiveVersion = 1;
	classes = {
	};
	objectVersion = 56;
	objects = {

/* Begin PBXBuildFile section */
		52CFC450952F3ECC06A3E8C6 /* libPods-TodoAppTests.a in Frameworks */ = {isa = PBXBuildFile; fileRef = 9CC1A8C6FA80761CD6F312F6 /* libPods-TodoAppTests.a */; };
		5BC572A46E8E436CBDF069C9 /* Pods_TodoApp.framework in Frameworks */ = {isa = PBXBuildFile; fileRef = 8DD92079A26C61A3E8FFCFBC /* Pods_TodoApp.framework */; };
		8428F43B2C308BC8001C0DEE /* Assets.xcassets in Resources */ = {isa = PBXBuildFile; fileRef = 8428F43A2C308BC8001C0DEE /* Assets.xcassets */; };
		8428F43D2C308E7D001C0DEE /* UIColor.swift in Sources */ = {isa = PBXBuildFile; fileRef = 8428F43C2C308E7D001C0DEE /* UIColor.swift */; };
		84378D8F2C5471BB00DD39C8 /* FileCache+SwiftData.swift in Sources */ = {isa = PBXBuildFile; fileRef = 84378D8E2C5471BA00DD39C8 /* FileCache+SwiftData.swift */; };
		847BBFB02C2664E100C66E07 /* TodoApp.swift in Sources */ = {isa = PBXBuildFile; fileRef = 847BBFAF2C2664E100C66E07 /* TodoApp.swift */; };
		847BBFB22C2664E100C66E07 /* ContentView.swift in Sources */ = {isa = PBXBuildFile; fileRef = 847BBFB12C2664E100C66E07 /* ContentView.swift */; };
		847BBFB72C2664E300C66E07 /* Preview Assets.xcassets in Resources */ = {isa = PBXBuildFile; fileRef = 847BBFB62C2664E300C66E07 /* Preview Assets.xcassets */; };
		847BBFE22C26667F00C66E07 /* TodoItem+JSON.swift in Sources */ = {isa = PBXBuildFile; fileRef = 847BBFE02C26667F00C66E07 /* TodoItem+JSON.swift */; };
		847BBFE32C26667F00C66E07 /* TodoItem+CSV.swift in Sources */ = {isa = PBXBuildFile; fileRef = 847BBFE12C26667F00C66E07 /* TodoItem+CSV.swift */; };
		847BBFE62C26669D00C66E07 /* TodoItem.swift in Sources */ = {isa = PBXBuildFile; fileRef = 847BBFE52C26669D00C66E07 /* TodoItem.swift */; };
		847BBFE92C2666C000C66E07 /* FileCache.swift in Sources */ = {isa = PBXBuildFile; fileRef = 847BBFE82C2666C000C66E07 /* FileCache.swift */; };
		847BBFED2C26670C00C66E07 /* TodoItemTests.swift in Sources */ = {isa = PBXBuildFile; fileRef = 847BBFEC2C26670C00C66E07 /* TodoItemTests.swift */; };
		8486B3322C2FB1E20017CC6D /* AppTextStyles.swift in Sources */ = {isa = PBXBuildFile; fileRef = 8486B3312C2FB1E20017CC6D /* AppTextStyles.swift */; };
		8486B3362C2FBEB00017CC6D /* TodoItemViewModel.swift in Sources */ = {isa = PBXBuildFile; fileRef = 8486B3352C2FBEB00017CC6D /* TodoItemViewModel.swift */; };
		8486B3382C2FC1C50017CC6D /* TodoListView.swift in Sources */ = {isa = PBXBuildFile; fileRef = 8486B3372C2FC1C50017CC6D /* TodoListView.swift */; };
		848A9B6B2C4B474400C8B50E /* DefaultNetworkingService.swift in Sources */ = {isa = PBXBuildFile; fileRef = 848A9B6A2C4B474400C8B50E /* DefaultNetworkingService.swift */; };
		848A9B6D2C4B47EC00C8B50E /* NetworkingService.swift in Sources */ = {isa = PBXBuildFile; fileRef = 848A9B6C2C4B47EC00C8B50E /* NetworkingService.swift */; };
		848A9B6F2C4B4B5400C8B50E /* NetworkingError.swift in Sources */ = {isa = PBXBuildFile; fileRef = 848A9B6E2C4B4B5400C8B50E /* NetworkingError.swift */; };
		848A9B712C4B5EE600C8B50E /* TodoListSyncManager.swift in Sources */ = {isa = PBXBuildFile; fileRef = 848A9B702C4B5EE600C8B50E /* TodoListSyncManager.swift */; };
		84DE11922C38D3560068E468 /* CalendarViewController.swift in Sources */ = {isa = PBXBuildFile; fileRef = 84DE11912C38D3560068E468 /* CalendarViewController.swift */; };
		84DE11952C38D7700068E468 /* FSCalendar in Frameworks */ = {isa = PBXBuildFile; productRef = 84DE11942C38D7700068E468 /* FSCalendar */; };
		84DE11972C38DC5F0068E468 /* TodoItemCell.swift in Sources */ = {isa = PBXBuildFile; fileRef = 84DE11962C38DC5F0068E468 /* TodoItemCell.swift */; };
		84DE11992C38DC990068E468 /* CalendarHeaderView.swift in Sources */ = {isa = PBXBuildFile; fileRef = 84DE11982C38DC990068E468 /* CalendarHeaderView.swift */; };
		84F083732C2F80A5002BCA56 /* NewTodoItemView.swift in Sources */ = {isa = PBXBuildFile; fileRef = 84F083722C2F80A5002BCA56 /* NewTodoItemView.swift */; };
		84FD9A302C420DA7001209BA /* CocoaLumberjackSwift in Frameworks */ = {isa = PBXBuildFile; productRef = 84FD9A2F2C420DA7001209BA /* CocoaLumberjackSwift */; };
		84FD9A362C4216F8001209BA /* URLSession+Extension.swift in Sources */ = {isa = PBXBuildFile; fileRef = 84FD9A352C4216F7001209BA /* URLSession+Extension.swift */; };
		84FD9A592C4237EC001209BA /* URLSessionTests.swift in Sources */ = {isa = PBXBuildFile; fileRef = 84FD9A582C4237EC001209BA /* URLSessionTests.swift */; };
/* End PBXBuildFile section */

/* Begin PBXContainerItemProxy section */
		847BBFBD2C2664E400C66E07 /* PBXContainerItemProxy */ = {
			isa = PBXContainerItemProxy;
			containerPortal = 847BBFA42C2664E000C66E07 /* Project object */;
			proxyType = 1;
			remoteGlobalIDString = 847BBFAB2C2664E100C66E07;
			remoteInfo = TodoApp;
		};
/* End PBXContainerItemProxy section */

/* Begin PBXFileReference section */
		585055C0FA05F9AFF8224F76 /* Pods-TodoAppTests.release.xcconfig */ = {isa = PBXFileReference; includeInIndex = 1; lastKnownFileType = text.xcconfig; name = "Pods-TodoAppTests.release.xcconfig"; path = "Target Support Files/Pods-TodoAppTests/Pods-TodoAppTests.release.xcconfig"; sourceTree = "<group>"; };
		7C755213E5A7576D23FE57CC /* Pods-TodoApp.debug.xcconfig */ = {isa = PBXFileReference; includeInIndex = 1; lastKnownFileType = text.xcconfig; name = "Pods-TodoApp.debug.xcconfig"; path = "Target Support Files/Pods-TodoApp/Pods-TodoApp.debug.xcconfig"; sourceTree = "<group>"; };
		8428F43A2C308BC8001C0DEE /* Assets.xcassets */ = {isa = PBXFileReference; lastKnownFileType = folder.assetcatalog; path = Assets.xcassets; sourceTree = SOURCE_ROOT; };
		8428F43C2C308E7D001C0DEE /* UIColor.swift */ = {isa = PBXFileReference; lastKnownFileType = sourcecode.swift; path = UIColor.swift; sourceTree = "<group>"; };
		84378D8E2C5471BA00DD39C8 /* FileCache+SwiftData.swift */ = {isa = PBXFileReference; lastKnownFileType = sourcecode.swift; path = "FileCache+SwiftData.swift"; sourceTree = "<group>"; };
		847BBFAC2C2664E100C66E07 /* TodoApp.app */ = {isa = PBXFileReference; explicitFileType = wrapper.application; includeInIndex = 0; path = TodoApp.app; sourceTree = BUILT_PRODUCTS_DIR; };
		847BBFAF2C2664E100C66E07 /* TodoApp.swift */ = {isa = PBXFileReference; lastKnownFileType = sourcecode.swift; path = TodoApp.swift; sourceTree = "<group>"; };
		847BBFB12C2664E100C66E07 /* ContentView.swift */ = {isa = PBXFileReference; lastKnownFileType = sourcecode.swift; path = ContentView.swift; sourceTree = "<group>"; };
		847BBFB62C2664E300C66E07 /* Preview Assets.xcassets */ = {isa = PBXFileReference; lastKnownFileType = folder.assetcatalog; path = "Preview Assets.xcassets"; sourceTree = "<group>"; };
		847BBFBC2C2664E400C66E07 /* TodoAppTests */ = {isa = PBXFileReference; explicitFileType = wrapper.cfbundle; includeInIndex = 0; name = TodoAppTests; path = TodoAppTests.xctest; sourceTree = BUILT_PRODUCTS_DIR; };
		847BBFE02C26667F00C66E07 /* TodoItem+JSON.swift */ = {isa = PBXFileReference; lastKnownFileType = sourcecode.swift; path = "TodoItem+JSON.swift"; sourceTree = "<group>"; };
		847BBFE12C26667F00C66E07 /* TodoItem+CSV.swift */ = {isa = PBXFileReference; lastKnownFileType = sourcecode.swift; path = "TodoItem+CSV.swift"; sourceTree = "<group>"; };
		847BBFE52C26669D00C66E07 /* TodoItem.swift */ = {isa = PBXFileReference; lastKnownFileType = sourcecode.swift; path = TodoItem.swift; sourceTree = "<group>"; };
		847BBFE82C2666C000C66E07 /* FileCache.swift */ = {isa = PBXFileReference; lastKnownFileType = sourcecode.swift; path = FileCache.swift; sourceTree = "<group>"; };
		847BBFEB2C26670C00C66E07 /* TodoAppTests-Bridging-Header.h */ = {isa = PBXFileReference; lastKnownFileType = sourcecode.c.h; path = "TodoAppTests-Bridging-Header.h"; sourceTree = "<group>"; };
		847BBFEC2C26670C00C66E07 /* TodoItemTests.swift */ = {isa = PBXFileReference; lastKnownFileType = sourcecode.swift; path = TodoItemTests.swift; sourceTree = "<group>"; };
		8486B3312C2FB1E20017CC6D /* AppTextStyles.swift */ = {isa = PBXFileReference; lastKnownFileType = sourcecode.swift; path = AppTextStyles.swift; sourceTree = "<group>"; };
		8486B3352C2FBEB00017CC6D /* TodoItemViewModel.swift */ = {isa = PBXFileReference; lastKnownFileType = sourcecode.swift; path = TodoItemViewModel.swift; sourceTree = "<group>"; };
		8486B3372C2FC1C50017CC6D /* TodoListView.swift */ = {isa = PBXFileReference; lastKnownFileType = sourcecode.swift; path = TodoListView.swift; sourceTree = "<group>"; };
		848A9B6A2C4B474400C8B50E /* DefaultNetworkingService.swift */ = {isa = PBXFileReference; lastKnownFileType = sourcecode.swift; path = DefaultNetworkingService.swift; sourceTree = "<group>"; };
		848A9B6C2C4B47EC00C8B50E /* NetworkingService.swift */ = {isa = PBXFileReference; lastKnownFileType = sourcecode.swift; path = NetworkingService.swift; sourceTree = "<group>"; };
		848A9B6E2C4B4B5400C8B50E /* NetworkingError.swift */ = {isa = PBXFileReference; lastKnownFileType = sourcecode.swift; path = NetworkingError.swift; sourceTree = "<group>"; };
		848A9B702C4B5EE600C8B50E /* TodoListSyncManager.swift */ = {isa = PBXFileReference; lastKnownFileType = sourcecode.swift; path = TodoListSyncManager.swift; sourceTree = "<group>"; };
		84DE11912C38D3560068E468 /* CalendarViewController.swift */ = {isa = PBXFileReference; lastKnownFileType = sourcecode.swift; path = CalendarViewController.swift; sourceTree = "<group>"; };
		84DE11962C38DC5F0068E468 /* TodoItemCell.swift */ = {isa = PBXFileReference; lastKnownFileType = sourcecode.swift; path = TodoItemCell.swift; sourceTree = "<group>"; };
		84DE11982C38DC990068E468 /* CalendarHeaderView.swift */ = {isa = PBXFileReference; lastKnownFileType = sourcecode.swift; path = CalendarHeaderView.swift; sourceTree = "<group>"; };
		84F083722C2F80A5002BCA56 /* NewTodoItemView.swift */ = {isa = PBXFileReference; lastKnownFileType = sourcecode.swift; path = NewTodoItemView.swift; sourceTree = "<group>"; };
		84FD9A352C4216F7001209BA /* URLSession+Extension.swift */ = {isa = PBXFileReference; lastKnownFileType = sourcecode.swift; path = "URLSession+Extension.swift"; sourceTree = "<group>"; };
		84FD9A582C4237EC001209BA /* URLSessionTests.swift */ = {isa = PBXFileReference; lastKnownFileType = sourcecode.swift; path = URLSessionTests.swift; sourceTree = "<group>"; };
		8DD92079A26C61A3E8FFCFBC /* Pods_TodoApp.framework */ = {isa = PBXFileReference; explicitFileType = wrapper.framework; includeInIndex = 0; path = Pods_TodoApp.framework; sourceTree = BUILT_PRODUCTS_DIR; };
		8E0724C0CB6B0A9246E88C7B /* Pods-TodoApp.release.xcconfig */ = {isa = PBXFileReference; includeInIndex = 1; lastKnownFileType = text.xcconfig; name = "Pods-TodoApp.release.xcconfig"; path = "Target Support Files/Pods-TodoApp/Pods-TodoApp.release.xcconfig"; sourceTree = "<group>"; };
		9CC1A8C6FA80761CD6F312F6 /* libPods-TodoAppTests.a */ = {isa = PBXFileReference; explicitFileType = archive.ar; includeInIndex = 0; path = "libPods-TodoAppTests.a"; sourceTree = BUILT_PRODUCTS_DIR; };
		C00B7C988D246A25D25151CE /* Pods-TodoAppTests.debug.xcconfig */ = {isa = PBXFileReference; includeInIndex = 1; lastKnownFileType = text.xcconfig; name = "Pods-TodoAppTests.debug.xcconfig"; path = "Target Support Files/Pods-TodoAppTests/Pods-TodoAppTests.debug.xcconfig"; sourceTree = "<group>"; };
/* End PBXFileReference section */

/* Begin PBXFrameworksBuildPhase section */
		847BBFA92C2664E100C66E07 /* Frameworks */ = {
			isa = PBXFrameworksBuildPhase;
			buildActionMask = 2147483647;
			files = (
				84FD9A302C420DA7001209BA /* CocoaLumberjackSwift in Frameworks */,
				84DE11952C38D7700068E468 /* FSCalendar in Frameworks */,
				5BC572A46E8E436CBDF069C9 /* Pods_TodoApp.framework in Frameworks */,
			);
			runOnlyForDeploymentPostprocessing = 0;
		};
		847BBFB92C2664E400C66E07 /* Frameworks */ = {
			isa = PBXFrameworksBuildPhase;
			buildActionMask = 2147483647;
			files = (
				52CFC450952F3ECC06A3E8C6 /* libPods-TodoAppTests.a in Frameworks */,
			);
			runOnlyForDeploymentPostprocessing = 0;
		};
/* End PBXFrameworksBuildPhase section */

/* Begin PBXGroup section */
		14081377A8008597A9FAE90B /* Pods */ = {
			isa = PBXGroup;
			children = (
				7C755213E5A7576D23FE57CC /* Pods-TodoApp.debug.xcconfig */,
				8E0724C0CB6B0A9246E88C7B /* Pods-TodoApp.release.xcconfig */,
				C00B7C988D246A25D25151CE /* Pods-TodoAppTests.debug.xcconfig */,
				585055C0FA05F9AFF8224F76 /* Pods-TodoAppTests.release.xcconfig */,
			);
			path = Pods;
			sourceTree = "<group>";
		};
		8428F4402C30B4B1001C0DEE /* Style */ = {
			isa = PBXGroup;
			children = (
				8428F43C2C308E7D001C0DEE /* UIColor.swift */,
				8486B3312C2FB1E20017CC6D /* AppTextStyles.swift */,
			);
			path = Style;
			sourceTree = "<group>";
		};
		844FA4CD2C4B405E00A5DD84 /* Networking */ = {
			isa = PBXGroup;
			children = (
				848A9B6A2C4B474400C8B50E /* DefaultNetworkingService.swift */,
				848A9B6C2C4B47EC00C8B50E /* NetworkingService.swift */,
				848A9B6E2C4B4B5400C8B50E /* NetworkingError.swift */,
				848A9B702C4B5EE600C8B50E /* TodoListSyncManager.swift */,
			);
			path = Networking;
			sourceTree = "<group>";
		};
		847BBFA32C2664E000C66E07 = {
			isa = PBXGroup;
			children = (
				847BBFAE2C2664E100C66E07 /* TodoApp */,
				847BBFBF2C2664E400C66E07 /* TodoAppTests */,
				847BBFAD2C2664E100C66E07 /* Products */,
				14081377A8008597A9FAE90B /* Pods */,
				EA9B294AF4FA73A297C0239E /* Frameworks */,
			);
			sourceTree = "<group>";
		};
		847BBFAD2C2664E100C66E07 /* Products */ = {
			isa = PBXGroup;
			children = (
				847BBFAC2C2664E100C66E07 /* TodoApp.app */,
				847BBFBC2C2664E400C66E07 /* TodoAppTests */,
			);
			name = Products;
			sourceTree = "<group>";
		};
		847BBFAE2C2664E100C66E07 /* TodoApp */ = {
			isa = PBXGroup;
			children = (
				844FA4CD2C4B405E00A5DD84 /* Networking */,
				8428F4402C30B4B1001C0DEE /* Style */,
				8428F43A2C308BC8001C0DEE /* Assets.xcassets */,
				84F083712C2F7E94002BCA56 /* Views */,
				847BBFEA2C2666C800C66E07 /* Services */,
				847BBFE72C2666A600C66E07 /* Models */,
				847BBFE42C26668C00C66E07 /* Extensions */,
				847BBFB52C2664E300C66E07 /* Preview Content */,
			);
			path = TodoApp;
			sourceTree = "<group>";
		};
		847BBFB52C2664E300C66E07 /* Preview Content */ = {
			isa = PBXGroup;
			children = (
				847BBFB62C2664E300C66E07 /* Preview Assets.xcassets */,
			);
			path = "Preview Content";
			sourceTree = "<group>";
		};
		847BBFBF2C2664E400C66E07 /* TodoAppTests */ = {
			isa = PBXGroup;
			children = (
				847BBFEC2C26670C00C66E07 /* TodoItemTests.swift */,
				847BBFEB2C26670C00C66E07 /* TodoAppTests-Bridging-Header.h */,
			);
			path = TodoAppTests;
			sourceTree = "<group>";
		};
		847BBFE42C26668C00C66E07 /* Extensions */ = {
			isa = PBXGroup;
			children = (
				847BBFE12C26667F00C66E07 /* TodoItem+CSV.swift */,
				847BBFE02C26667F00C66E07 /* TodoItem+JSON.swift */,
			);
			path = Extensions;
			sourceTree = "<group>";
		};
		847BBFE72C2666A600C66E07 /* Models */ = {
			isa = PBXGroup;
			children = (
				847BBFE52C26669D00C66E07 /* TodoItem.swift */,
				8486B3352C2FBEB00017CC6D /* TodoItemViewModel.swift */,
			);
			path = Models;
			sourceTree = "<group>";
		};
		847BBFEA2C2666C800C66E07 /* Services */ = {
			isa = PBXGroup;
			children = (
				847BBFE82C2666C000C66E07 /* FileCache.swift */,
				84FD9A352C4216F7001209BA /* URLSession+Extension.swift */,
				84FD9A582C4237EC001209BA /* URLSessionTests.swift */,
				84378D8E2C5471BA00DD39C8 /* FileCache+SwiftData.swift */,
			);
			path = Services;
			sourceTree = "<group>";
		};
		84DE118C2C38BED40068E468 /* CalendarView */ = {
			isa = PBXGroup;
			children = (
				84DE11912C38D3560068E468 /* CalendarViewController.swift */,
				84DE11962C38DC5F0068E468 /* TodoItemCell.swift */,
				84DE11982C38DC990068E468 /* CalendarHeaderView.swift */,
			);
			path = CalendarView;
			sourceTree = "<group>";
		};
		84F083712C2F7E94002BCA56 /* Views */ = {
			isa = PBXGroup;
			children = (
				84DE118C2C38BED40068E468 /* CalendarView */,
				8486B3372C2FC1C50017CC6D /* TodoListView.swift */,
				847BBFB12C2664E100C66E07 /* ContentView.swift */,
				847BBFAF2C2664E100C66E07 /* TodoApp.swift */,
				84F083722C2F80A5002BCA56 /* NewTodoItemView.swift */,
			);
			path = Views;
			sourceTree = "<group>";
		};
		EA9B294AF4FA73A297C0239E /* Frameworks */ = {
			isa = PBXGroup;
			children = (
				8DD92079A26C61A3E8FFCFBC /* Pods_TodoApp.framework */,
				9CC1A8C6FA80761CD6F312F6 /* libPods-TodoAppTests.a */,
			);
			name = Frameworks;
			sourceTree = "<group>";
		};
/* End PBXGroup section */

/* Begin PBXNativeTarget section */
		847BBFAB2C2664E100C66E07 /* TodoApp */ = {
			isa = PBXNativeTarget;
			buildConfigurationList = 847BBFD02C2664E400C66E07 /* Build configuration list for PBXNativeTarget "TodoApp" */;
			buildPhases = (
				F6C2FBFDACA71549DB965B29 /* [CP] Check Pods Manifest.lock */,
				847BBFA82C2664E100C66E07 /* Sources */,
				847BBFA92C2664E100C66E07 /* Frameworks */,
				847BBFAA2C2664E100C66E07 /* Resources */,
				84FD9A342C421076001209BA /* ShellScript */,
			);
			buildRules = (
			);
			dependencies = (
			);
			name = TodoApp;
			packageProductDependencies = (
				84DE11942C38D7700068E468 /* FSCalendar */,
				84FD9A2F2C420DA7001209BA /* CocoaLumberjackSwift */,
			);
			productName = TodoApp;
			productReference = 847BBFAC2C2664E100C66E07 /* TodoApp.app */;
			productType = "com.apple.product-type.application";
		};
		847BBFBB2C2664E400C66E07 /* TodoAppTests */ = {
			isa = PBXNativeTarget;
			buildConfigurationList = 847BBFD32C2664E400C66E07 /* Build configuration list for PBXNativeTarget "TodoAppTests" */;
			buildPhases = (
				10BF2AF80D1FF6C875A23D09 /* [CP] Check Pods Manifest.lock */,
				847BBFB82C2664E400C66E07 /* Sources */,
				847BBFB92C2664E400C66E07 /* Frameworks */,
				847BBFBA2C2664E400C66E07 /* Resources */,
			);
			buildRules = (
			);
			dependencies = (
				847BBFBE2C2664E400C66E07 /* PBXTargetDependency */,
			);
			name = TodoAppTests;
			productName = TodoAppTests;
			productReference = 847BBFBC2C2664E400C66E07 /* TodoAppTests */;
			productType = "com.apple.product-type.bundle.unit-test";
		};
/* End PBXNativeTarget section */

/* Begin PBXProject section */
		847BBFA42C2664E000C66E07 /* Project object */ = {
			isa = PBXProject;
			attributes = {
				BuildIndependentTargetsInParallel = 1;
				LastSwiftUpdateCheck = 1520;
				LastUpgradeCheck = 1520;
				TargetAttributes = {
					847BBFAB2C2664E100C66E07 = {
						CreatedOnToolsVersion = 15.2;
					};
					847BBFBB2C2664E400C66E07 = {
						CreatedOnToolsVersion = 15.2;
						LastSwiftMigration = 1520;
						TestTargetID = 847BBFAB2C2664E100C66E07;
					};
				};
			};
			buildConfigurationList = 847BBFA72C2664E000C66E07 /* Build configuration list for PBXProject "TodoApp" */;
			compatibilityVersion = "Xcode 14.0";
			developmentRegion = en;
			hasScannedForEncodings = 0;
			knownRegions = (
				en,
				Base,
			);
			mainGroup = 847BBFA32C2664E000C66E07;
			packageReferences = (
				84DE11932C38D7700068E468 /* XCRemoteSwiftPackageReference "FSCalendar" */,
				84FD9A2E2C420DA7001209BA /* XCRemoteSwiftPackageReference "CocoaLumberjack" */,
			);
			productRefGroup = 847BBFAD2C2664E100C66E07 /* Products */;
			projectDirPath = "";
			projectRoot = "";
			targets = (
				847BBFAB2C2664E100C66E07 /* TodoApp */,
				847BBFBB2C2664E400C66E07 /* TodoAppTests */,
			);
		};
/* End PBXProject section */

/* Begin PBXResourcesBuildPhase section */
		847BBFAA2C2664E100C66E07 /* Resources */ = {
			isa = PBXResourcesBuildPhase;
			buildActionMask = 2147483647;
			files = (
				847BBFB72C2664E300C66E07 /* Preview Assets.xcassets in Resources */,
				8428F43B2C308BC8001C0DEE /* Assets.xcassets in Resources */,
			);
			runOnlyForDeploymentPostprocessing = 0;
		};
		847BBFBA2C2664E400C66E07 /* Resources */ = {
			isa = PBXResourcesBuildPhase;
			buildActionMask = 2147483647;
			files = (
			);
			runOnlyForDeploymentPostprocessing = 0;
		};
/* End PBXResourcesBuildPhase section */

/* Begin PBXShellScriptBuildPhase section */
		10BF2AF80D1FF6C875A23D09 /* [CP] Check Pods Manifest.lock */ = {
			isa = PBXShellScriptBuildPhase;
			buildActionMask = 2147483647;
			files = (
			);
			inputFileListPaths = (
			);
			inputPaths = (
				"${PODS_PODFILE_DIR_PATH}/Podfile.lock",
				"${PODS_ROOT}/Manifest.lock",
			);
			name = "[CP] Check Pods Manifest.lock";
			outputFileListPaths = (
			);
			outputPaths = (
				"$(DERIVED_FILE_DIR)/Pods-TodoAppTests-checkManifestLockResult.txt",
			);
			runOnlyForDeploymentPostprocessing = 0;
			shellPath = /bin/sh;
			shellScript = "diff \"${PODS_PODFILE_DIR_PATH}/Podfile.lock\" \"${PODS_ROOT}/Manifest.lock\" > /dev/null\nif [ $? != 0 ] ; then\n    # print error to STDERR\n    echo \"error: The sandbox is not in sync with the Podfile.lock. Run 'pod install' or update your CocoaPods installation.\" >&2\n    exit 1\nfi\n# This output is used by Xcode 'outputs' to avoid re-running this script phase.\necho \"SUCCESS\" > \"${SCRIPT_OUTPUT_FILE_0}\"\n";
			showEnvVarsInLog = 0;
		};
		84FD9A342C421076001209BA /* ShellScript */ = {
			isa = PBXShellScriptBuildPhase;
			buildActionMask = 2147483647;
			files = (
			);
			inputFileListPaths = (
			);
			inputPaths = (
			);
			outputFileListPaths = (
			);
			outputPaths = (
			);
			runOnlyForDeploymentPostprocessing = 0;
			shellPath = /bin/sh;
			shellScript = "if which swiftlint >/dev/null; then\n  swiftlint\nelse\n  echo \"warning: SwiftLint not installed, download from https://github.com/realm/SwiftLint\"\nfi\n";
		};
		F6C2FBFDACA71549DB965B29 /* [CP] Check Pods Manifest.lock */ = {
			isa = PBXShellScriptBuildPhase;
			buildActionMask = 2147483647;
			files = (
			);
			inputFileListPaths = (
			);
			inputPaths = (
				"${PODS_PODFILE_DIR_PATH}/Podfile.lock",
				"${PODS_ROOT}/Manifest.lock",
			);
			name = "[CP] Check Pods Manifest.lock";
			outputFileListPaths = (
			);
			outputPaths = (
				"$(DERIVED_FILE_DIR)/Pods-TodoApp-checkManifestLockResult.txt",
			);
			runOnlyForDeploymentPostprocessing = 0;
			shellPath = /bin/sh;
			shellScript = "diff \"${PODS_PODFILE_DIR_PATH}/Podfile.lock\" \"${PODS_ROOT}/Manifest.lock\" > /dev/null\nif [ $? != 0 ] ; then\n    # print error to STDERR\n    echo \"error: The sandbox is not in sync with the Podfile.lock. Run 'pod install' or update your CocoaPods installation.\" >&2\n    exit 1\nfi\n# This output is used by Xcode 'outputs' to avoid re-running this script phase.\necho \"SUCCESS\" > \"${SCRIPT_OUTPUT_FILE_0}\"\n";
			showEnvVarsInLog = 0;
		};
/* End PBXShellScriptBuildPhase section */

/* Begin PBXSourcesBuildPhase section */
		847BBFA82C2664E100C66E07 /* Sources */ = {
			isa = PBXSourcesBuildPhase;
			buildActionMask = 2147483647;
			files = (
				84DE11922C38D3560068E468 /* CalendarViewController.swift in Sources */,
				847BBFE62C26669D00C66E07 /* TodoItem.swift in Sources */,
				8428F43D2C308E7D001C0DEE /* UIColor.swift in Sources */,
				847BBFB22C2664E100C66E07 /* ContentView.swift in Sources */,
				847BBFE32C26667F00C66E07 /* TodoItem+CSV.swift in Sources */,
				8486B3362C2FBEB00017CC6D /* TodoItemViewModel.swift in Sources */,
				8486B3382C2FC1C50017CC6D /* TodoListView.swift in Sources */,
				848A9B6B2C4B474400C8B50E /* DefaultNetworkingService.swift in Sources */,
				8486B3322C2FB1E20017CC6D /* AppTextStyles.swift in Sources */,
				847BBFB02C2664E100C66E07 /* TodoApp.swift in Sources */,
				84DE11992C38DC990068E468 /* CalendarHeaderView.swift in Sources */,
				848A9B6D2C4B47EC00C8B50E /* NetworkingService.swift in Sources */,
				848A9B712C4B5EE600C8B50E /* TodoListSyncManager.swift in Sources */,
				847BBFE92C2666C000C66E07 /* FileCache.swift in Sources */,
				84FD9A362C4216F8001209BA /* URLSession+Extension.swift in Sources */,
				84F083732C2F80A5002BCA56 /* NewTodoItemView.swift in Sources */,
				84378D8F2C5471BB00DD39C8 /* FileCache+SwiftData.swift in Sources */,
				848A9B6F2C4B4B5400C8B50E /* NetworkingError.swift in Sources */,
				84DE11972C38DC5F0068E468 /* TodoItemCell.swift in Sources */,
				847BBFE22C26667F00C66E07 /* TodoItem+JSON.swift in Sources */,
			);
			runOnlyForDeploymentPostprocessing = 0;
		};
		847BBFB82C2664E400C66E07 /* Sources */ = {
			isa = PBXSourcesBuildPhase;
			buildActionMask = 2147483647;
			files = (
				84FD9A592C4237EC001209BA /* URLSessionTests.swift in Sources */,
				847BBFED2C26670C00C66E07 /* TodoItemTests.swift in Sources */,
			);
			runOnlyForDeploymentPostprocessing = 0;
		};
/* End PBXSourcesBuildPhase section */

/* Begin PBXTargetDependency section */
		847BBFBE2C2664E400C66E07 /* PBXTargetDependency */ = {
			isa = PBXTargetDependency;
			target = 847BBFAB2C2664E100C66E07 /* TodoApp */;
			targetProxy = 847BBFBD2C2664E400C66E07 /* PBXContainerItemProxy */;
		};
/* End PBXTargetDependency section */

/* Begin XCBuildConfiguration section */
		847BBFCE2C2664E400C66E07 /* Debug */ = {
			isa = XCBuildConfiguration;
			buildSettings = {
				ALWAYS_SEARCH_USER_PATHS = NO;
				ASSETCATALOG_COMPILER_GENERATE_SWIFT_ASSET_SYMBOL_EXTENSIONS = YES;
				CLANG_ANALYZER_NONNULL = YES;
				CLANG_ANALYZER_NUMBER_OBJECT_CONVERSION = YES_AGGRESSIVE;
				CLANG_CXX_LANGUAGE_STANDARD = "gnu++20";
				CLANG_ENABLE_MODULES = YES;
				CLANG_ENABLE_OBJC_ARC = YES;
				CLANG_ENABLE_OBJC_WEAK = YES;
				CLANG_WARN_BLOCK_CAPTURE_AUTORELEASING = YES;
				CLANG_WARN_BOOL_CONVERSION = YES;
				CLANG_WARN_COMMA = YES;
				CLANG_WARN_CONSTANT_CONVERSION = YES;
				CLANG_WARN_DEPRECATED_OBJC_IMPLEMENTATIONS = YES;
				CLANG_WARN_DIRECT_OBJC_ISA_USAGE = YES_ERROR;
				CLANG_WARN_DOCUMENTATION_COMMENTS = YES;
				CLANG_WARN_EMPTY_BODY = YES;
				CLANG_WARN_ENUM_CONVERSION = YES;
				CLANG_WARN_INFINITE_RECURSION = YES;
				CLANG_WARN_INT_CONVERSION = YES;
				CLANG_WARN_NON_LITERAL_NULL_CONVERSION = YES;
				CLANG_WARN_OBJC_IMPLICIT_RETAIN_SELF = YES;
				CLANG_WARN_OBJC_LITERAL_CONVERSION = YES;
				CLANG_WARN_OBJC_ROOT_CLASS = YES_ERROR;
				CLANG_WARN_QUOTED_INCLUDE_IN_FRAMEWORK_HEADER = YES;
				CLANG_WARN_RANGE_LOOP_ANALYSIS = YES;
				CLANG_WARN_STRICT_PROTOTYPES = YES;
				CLANG_WARN_SUSPICIOUS_MOVE = YES;
				CLANG_WARN_UNGUARDED_AVAILABILITY = YES_AGGRESSIVE;
				CLANG_WARN_UNREACHABLE_CODE = YES;
				CLANG_WARN__DUPLICATE_METHOD_MATCH = YES;
				COPY_PHASE_STRIP = NO;
				DEBUG_INFORMATION_FORMAT = dwarf;
				ENABLE_STRICT_OBJC_MSGSEND = YES;
				ENABLE_TESTABILITY = YES;
				ENABLE_USER_SCRIPT_SANDBOXING = YES;
				GCC_C_LANGUAGE_STANDARD = gnu17;
				GCC_DYNAMIC_NO_PIC = NO;
				GCC_NO_COMMON_BLOCKS = YES;
				GCC_OPTIMIZATION_LEVEL = 0;
				GCC_PREPROCESSOR_DEFINITIONS = (
					"DEBUG=1",
					"$(inherited)",
				);
				GCC_WARN_64_TO_32_BIT_CONVERSION = YES;
				GCC_WARN_ABOUT_RETURN_TYPE = YES_ERROR;
				GCC_WARN_UNDECLARED_SELECTOR = YES;
				GCC_WARN_UNINITIALIZED_AUTOS = YES_AGGRESSIVE;
				GCC_WARN_UNUSED_FUNCTION = YES;
				GCC_WARN_UNUSED_VARIABLE = YES;
				IPHONEOS_DEPLOYMENT_TARGET = 17.0;
				LOCALIZATION_PREFERS_STRING_CATALOGS = YES;
				MTL_ENABLE_DEBUG_INFO = INCLUDE_SOURCE;
				MTL_FAST_MATH = YES;
				ONLY_ACTIVE_ARCH = YES;
				SDKROOT = iphoneos;
				SWIFT_ACTIVE_COMPILATION_CONDITIONS = "DEBUG $(inherited)";
				SWIFT_OPTIMIZATION_LEVEL = "-Onone";
				SWIFT_STRICT_CONCURRENCY = complete;
			};
			name = Debug;
		};
		847BBFCF2C2664E400C66E07 /* Release */ = {
			isa = XCBuildConfiguration;
			buildSettings = {
				ALWAYS_SEARCH_USER_PATHS = NO;
				ASSETCATALOG_COMPILER_GENERATE_SWIFT_ASSET_SYMBOL_EXTENSIONS = YES;
				CLANG_ANALYZER_NONNULL = YES;
				CLANG_ANALYZER_NUMBER_OBJECT_CONVERSION = YES_AGGRESSIVE;
				CLANG_CXX_LANGUAGE_STANDARD = "gnu++20";
				CLANG_ENABLE_MODULES = YES;
				CLANG_ENABLE_OBJC_ARC = YES;
				CLANG_ENABLE_OBJC_WEAK = YES;
				CLANG_WARN_BLOCK_CAPTURE_AUTORELEASING = YES;
				CLANG_WARN_BOOL_CONVERSION = YES;
				CLANG_WARN_COMMA = YES;
				CLANG_WARN_CONSTANT_CONVERSION = YES;
				CLANG_WARN_DEPRECATED_OBJC_IMPLEMENTATIONS = YES;
				CLANG_WARN_DIRECT_OBJC_ISA_USAGE = YES_ERROR;
				CLANG_WARN_DOCUMENTATION_COMMENTS = YES;
				CLANG_WARN_EMPTY_BODY = YES;
				CLANG_WARN_ENUM_CONVERSION = YES;
				CLANG_WARN_INFINITE_RECURSION = YES;
				CLANG_WARN_INT_CONVERSION = YES;
				CLANG_WARN_NON_LITERAL_NULL_CONVERSION = YES;
				CLANG_WARN_OBJC_IMPLICIT_RETAIN_SELF = YES;
				CLANG_WARN_OBJC_LITERAL_CONVERSION = YES;
				CLANG_WARN_OBJC_ROOT_CLASS = YES_ERROR;
				CLANG_WARN_QUOTED_INCLUDE_IN_FRAMEWORK_HEADER = YES;
				CLANG_WARN_RANGE_LOOP_ANALYSIS = YES;
				CLANG_WARN_STRICT_PROTOTYPES = YES;
				CLANG_WARN_SUSPICIOUS_MOVE = YES;
				CLANG_WARN_UNGUARDED_AVAILABILITY = YES_AGGRESSIVE;
				CLANG_WARN_UNREACHABLE_CODE = YES;
				CLANG_WARN__DUPLICATE_METHOD_MATCH = YES;
				COPY_PHASE_STRIP = NO;
				DEBUG_INFORMATION_FORMAT = "dwarf-with-dsym";
				ENABLE_NS_ASSERTIONS = NO;
				ENABLE_STRICT_OBJC_MSGSEND = YES;
				ENABLE_USER_SCRIPT_SANDBOXING = YES;
				GCC_C_LANGUAGE_STANDARD = gnu17;
				GCC_NO_COMMON_BLOCKS = YES;
				GCC_WARN_64_TO_32_BIT_CONVERSION = YES;
				GCC_WARN_ABOUT_RETURN_TYPE = YES_ERROR;
				GCC_WARN_UNDECLARED_SELECTOR = YES;
				GCC_WARN_UNINITIALIZED_AUTOS = YES_AGGRESSIVE;
				GCC_WARN_UNUSED_FUNCTION = YES;
				GCC_WARN_UNUSED_VARIABLE = YES;
				IPHONEOS_DEPLOYMENT_TARGET = 17.0;
				LOCALIZATION_PREFERS_STRING_CATALOGS = YES;
				MTL_ENABLE_DEBUG_INFO = NO;
				MTL_FAST_MATH = YES;
				SDKROOT = iphoneos;
				SWIFT_COMPILATION_MODE = wholemodule;
				SWIFT_STRICT_CONCURRENCY = complete;
				VALIDATE_PRODUCT = YES;
			};
			name = Release;
		};
		847BBFD12C2664E400C66E07 /* Debug */ = {
			isa = XCBuildConfiguration;
			baseConfigurationReference = 7C755213E5A7576D23FE57CC /* Pods-TodoApp.debug.xcconfig */;
			buildSettings = {
				ASSETCATALOG_COMPILER_APPICON_NAME = AppIcon;
				ASSETCATALOG_COMPILER_GLOBAL_ACCENT_COLOR_NAME = AccentColor;
				CODE_SIGN_STYLE = Automatic;
				CURRENT_PROJECT_VERSION = 1;
				DEVELOPMENT_ASSET_PATHS = "\"TodoApp/Preview Content\"";
				DEVELOPMENT_TEAM = 5HWVRJALTM;
				ENABLE_PREVIEWS = YES;
				GENERATE_INFOPLIST_FILE = YES;
				INFOPLIST_KEY_UIApplicationSceneManifest_Generation = YES;
				INFOPLIST_KEY_UIApplicationSupportsIndirectInputEvents = YES;
				INFOPLIST_KEY_UILaunchScreen_Generation = YES;
				INFOPLIST_KEY_UISupportedInterfaceOrientations_iPad = "UIInterfaceOrientationPortrait UIInterfaceOrientationPortraitUpsideDown UIInterfaceOrientationLandscapeLeft UIInterfaceOrientationLandscapeRight";
				INFOPLIST_KEY_UISupportedInterfaceOrientations_iPhone = "UIInterfaceOrientationPortrait UIInterfaceOrientationLandscapeLeft UIInterfaceOrientationLandscapeRight";
				LD_RUNPATH_SEARCH_PATHS = (
					"$(inherited)",
					"@executable_path/Frameworks",
				);
				MARKETING_VERSION = 1.0;
				PRODUCT_BUNDLE_IDENTIFIER = edu.hse.Ushakova.TodoApp;
				PRODUCT_NAME = "$(TARGET_NAME)";
				SWIFT_EMIT_LOC_STRINGS = YES;
				SWIFT_VERSION = 5.0;
				TARGETED_DEVICE_FAMILY = "1,2";
			};
			name = Debug;
		};
		847BBFD22C2664E400C66E07 /* Release */ = {
			isa = XCBuildConfiguration;
			baseConfigurationReference = 8E0724C0CB6B0A9246E88C7B /* Pods-TodoApp.release.xcconfig */;
			buildSettings = {
				ASSETCATALOG_COMPILER_APPICON_NAME = AppIcon;
				ASSETCATALOG_COMPILER_GLOBAL_ACCENT_COLOR_NAME = AccentColor;
				CODE_SIGN_STYLE = Automatic;
				CURRENT_PROJECT_VERSION = 1;
				DEVELOPMENT_ASSET_PATHS = "\"TodoApp/Preview Content\"";
				DEVELOPMENT_TEAM = 5HWVRJALTM;
				ENABLE_PREVIEWS = YES;
				GENERATE_INFOPLIST_FILE = YES;
				INFOPLIST_KEY_UIApplicationSceneManifest_Generation = YES;
				INFOPLIST_KEY_UIApplicationSupportsIndirectInputEvents = YES;
				INFOPLIST_KEY_UILaunchScreen_Generation = YES;
				INFOPLIST_KEY_UISupportedInterfaceOrientations_iPad = "UIInterfaceOrientationPortrait UIInterfaceOrientationPortraitUpsideDown UIInterfaceOrientationLandscapeLeft UIInterfaceOrientationLandscapeRight";
				INFOPLIST_KEY_UISupportedInterfaceOrientations_iPhone = "UIInterfaceOrientationPortrait UIInterfaceOrientationLandscapeLeft UIInterfaceOrientationLandscapeRight";
				LD_RUNPATH_SEARCH_PATHS = (
					"$(inherited)",
					"@executable_path/Frameworks",
				);
				MARKETING_VERSION = 1.0;
				PRODUCT_BUNDLE_IDENTIFIER = edu.hse.Ushakova.TodoApp;
				PRODUCT_NAME = "$(TARGET_NAME)";
				SWIFT_EMIT_LOC_STRINGS = YES;
				SWIFT_VERSION = 5.0;
				TARGETED_DEVICE_FAMILY = "1,2";
			};
			name = Release;
		};
		847BBFD42C2664E400C66E07 /* Debug */ = {
			isa = XCBuildConfiguration;
			baseConfigurationReference = C00B7C988D246A25D25151CE /* Pods-TodoAppTests.debug.xcconfig */;
			buildSettings = {
				ALWAYS_EMBED_SWIFT_STANDARD_LIBRARIES = YES;
				BUNDLE_LOADER = "$(TEST_HOST)";
				CLANG_ENABLE_MODULES = YES;
				CODE_SIGN_STYLE = Automatic;
				CURRENT_PROJECT_VERSION = 1;
				DEVELOPMENT_TEAM = 5HWVRJALTM;
				GENERATE_INFOPLIST_FILE = YES;
				IPHONEOS_DEPLOYMENT_TARGET = 17.2;
				MARKETING_VERSION = 1.0;
				PRODUCT_BUNDLE_IDENTIFIER = edu.hse.Ushakova.TodoAppTests;
				PRODUCT_NAME = "$(TARGET_NAME)";
				SWIFT_EMIT_LOC_STRINGS = NO;
				SWIFT_OBJC_BRIDGING_HEADER = "TodoAppTests/TodoAppTests-Bridging-Header.h";
				SWIFT_OPTIMIZATION_LEVEL = "-Onone";
				SWIFT_VERSION = 5.0;
				TARGETED_DEVICE_FAMILY = "1,2";
				TEST_HOST = "$(BUILT_PRODUCTS_DIR)/TodoApp.app/$(BUNDLE_EXECUTABLE_FOLDER_PATH)/TodoApp";
			};
			name = Debug;
		};
		847BBFD52C2664E400C66E07 /* Release */ = {
			isa = XCBuildConfiguration;
			baseConfigurationReference = 585055C0FA05F9AFF8224F76 /* Pods-TodoAppTests.release.xcconfig */;
			buildSettings = {
				ALWAYS_EMBED_SWIFT_STANDARD_LIBRARIES = YES;
				BUNDLE_LOADER = "$(TEST_HOST)";
				CLANG_ENABLE_MODULES = YES;
				CODE_SIGN_STYLE = Automatic;
				CURRENT_PROJECT_VERSION = 1;
				DEVELOPMENT_TEAM = 5HWVRJALTM;
				GENERATE_INFOPLIST_FILE = YES;
				IPHONEOS_DEPLOYMENT_TARGET = 17.2;
				MARKETING_VERSION = 1.0;
				PRODUCT_BUNDLE_IDENTIFIER = edu.hse.Ushakova.TodoAppTests;
				PRODUCT_NAME = "$(TARGET_NAME)";
				SWIFT_EMIT_LOC_STRINGS = NO;
				SWIFT_OBJC_BRIDGING_HEADER = "TodoAppTests/TodoAppTests-Bridging-Header.h";
				SWIFT_VERSION = 5.0;
				TARGETED_DEVICE_FAMILY = "1,2";
				TEST_HOST = "$(BUILT_PRODUCTS_DIR)/TodoApp.app/$(BUNDLE_EXECUTABLE_FOLDER_PATH)/TodoApp";
			};
			name = Release;
		};
/* End XCBuildConfiguration section */

/* Begin XCConfigurationList section */
		847BBFA72C2664E000C66E07 /* Build configuration list for PBXProject "TodoApp" */ = {
			isa = XCConfigurationList;
			buildConfigurations = (
				847BBFCE2C2664E400C66E07 /* Debug */,
				847BBFCF2C2664E400C66E07 /* Release */,
			);
			defaultConfigurationIsVisible = 0;
			defaultConfigurationName = Release;
		};
		847BBFD02C2664E400C66E07 /* Build configuration list for PBXNativeTarget "TodoApp" */ = {
			isa = XCConfigurationList;
			buildConfigurations = (
				847BBFD12C2664E400C66E07 /* Debug */,
				847BBFD22C2664E400C66E07 /* Release */,
			);
			defaultConfigurationIsVisible = 0;
			defaultConfigurationName = Release;
		};
		847BBFD32C2664E400C66E07 /* Build configuration list for PBXNativeTarget "TodoAppTests" */ = {
			isa = XCConfigurationList;
			buildConfigurations = (
				847BBFD42C2664E400C66E07 /* Debug */,
				847BBFD52C2664E400C66E07 /* Release */,
			);
			defaultConfigurationIsVisible = 0;
			defaultConfigurationName = Release;
		};
/* End XCConfigurationList section */

/* Begin XCRemoteSwiftPackageReference section */
		84DE11932C38D7700068E468 /* XCRemoteSwiftPackageReference "FSCalendar" */ = {
			isa = XCRemoteSwiftPackageReference;
			repositoryURL = "https://github.com/WenchaoD/FSCalendar.git";
			requirement = {
				kind = upToNextMajorVersion;
				minimumVersion = 2.8.4;
			};
		};
		84FD9A2E2C420DA7001209BA /* XCRemoteSwiftPackageReference "CocoaLumberjack" */ = {
			isa = XCRemoteSwiftPackageReference;
			repositoryURL = "https://github.com/CocoaLumberjack/CocoaLumberjack.git";
			requirement = {
				kind = upToNextMajorVersion;
				minimumVersion = 3.8.5;
			};
		};
/* End XCRemoteSwiftPackageReference section */

/* Begin XCSwiftPackageProductDependency section */
		84DE11942C38D7700068E468 /* FSCalendar */ = {
			isa = XCSwiftPackageProductDependency;
			package = 84DE11932C38D7700068E468 /* XCRemoteSwiftPackageReference "FSCalendar" */;
			productName = FSCalendar;
		};
		84FD9A2F2C420DA7001209BA /* CocoaLumberjackSwift */ = {
			isa = XCSwiftPackageProductDependency;
			package = 84FD9A2E2C420DA7001209BA /* XCRemoteSwiftPackageReference "CocoaLumberjack" */;
			productName = CocoaLumberjackSwift;
		};
/* End XCSwiftPackageProductDependency section */
	};
	rootObject = 847BBFA42C2664E000C66E07 /* Project object */;
}
